<?xml version="1.0" encoding="utf-8"?>
<Project ToolsVersion="4.0" xmlns="http://schemas.microsoft.com/developer/msbuild/2003">
  <ItemGroup>
    <Filter Include="리소스 파일">
      <UniqueIdentifier>{67DA6AB6-F800-4c08-8B7A-83BB121AAD01}</UniqueIdentifier>
      <Extensions>rc;ico;cur;bmp;dlg;rc2;rct;bin;rgs;gif;jpg;jpeg;jpe;resx;tiff;tif;png;wav;mfcribbon-ms</Extensions>
    </Filter>
    <Filter Include="protocol">
      <UniqueIdentifier>{132c7e40-8c4a-44eb-8d4b-cf1f5c9eebeb}</UniqueIdentifier>
    </Filter>
    <Filter Include="protocol\by_zpp_bits">
      <UniqueIdentifier>{5fe2abff-4d52-4a57-bd29-dcae14ec4bbf}</UniqueIdentifier>
    </Filter>
    <Filter Include="protocol\by_zpp_bits\definitions">
      <UniqueIdentifier>{574651c8-b44c-44fa-8c5f-de6c9c8c8830}</UniqueIdentifier>
    </Filter>
  </ItemGroup>
  <ItemGroup>
    <ClCompile Include="pch.cpp" />
  </ItemGroup>
  <ItemGroup>
    <ClInclude Include="pch.h" />
    <ClInclude Include="business_common.h" />
    <ClInclude Include="server_session_base.h" />
    <ClInclude Include="protocol\zpp_bits_packet_handler.h">
      <Filter>protocol</Filter>
    </ClInclude>
    <ClInclude Include="business_common_alias.h" />
    <ClInclude Include="business_common_definition.h" />
    <ClInclude Include="protocol\by_zpp_bits\client.h">
      <Filter>protocol\by_zpp_bits</Filter>
    </ClInclude>
    <ClInclude Include="protocol\by_zpp_bits\server_common.h">
      <Filter>protocol\by_zpp_bits</Filter>
    </ClInclude>
    <ClInclude Include="protocol\by_zpp_bits\base.h">
      <Filter>protocol\by_zpp_bits</Filter>
    </ClInclude>
    <ClInclude Include="protocol\by_zpp_bits\server_test.h">
      <Filter>protocol\by_zpp_bits</Filter>
    </ClInclude>
  </ItemGroup>
  <ItemGroup>
    <None Include="protocol\by_zpp_bits\definitions\client.json">
      <Filter>protocol\by_zpp_bits\definitions</Filter>
    </None>
    <None Include="protocol\by_zpp_bits\definitions\server_common.json">
      <Filter>protocol\by_zpp_bits\definitions</Filter>
    </None>
    <None Include="protocol\by_zpp_bits\definitions\server_test.json">
      <Filter>protocol\by_zpp_bits\definitions</Filter>
    </None>
  </ItemGroup>
</Project>