<?xml version="1.0" encoding="utf-8"?>
<Project ToolsVersion="17.0" xmlns="http://schemas.microsoft.com/developer/msbuild/2003">
  <ItemGroup>
    <Object Include="$(ProjectDir)$(LibrariesArchitecture)\$(Configuration)\temp\altsvc.obj">
      <Filter>Object Libraries</Filter>
    </Object>
    <Object Include="$(ProjectDir)$(LibrariesArchitecture)\$(Configuration)\temp\amigaos.obj">
      <Filter>Object Libraries</Filter>
    </Object>
    <Object Include="$(ProjectDir)$(LibrariesArchitecture)\$(Configuration)\temp\asyn-ares.obj">
      <Filter>Object Libraries</Filter>
    </Object>
    <Object Include="$(ProjectDir)$(LibrariesArchitecture)\$(Configuration)\temp\asyn-thread.obj">
      <Filter>Object Libraries</Filter>
    </Object>
    <Object Include="$(ProjectDir)$(LibrariesArchitecture)\$(Configuration)\temp\base64.obj">
      <Filter>Object Libraries</Filter>
    </Object>
    <Object Include="$(ProjectDir)$(LibrariesArchitecture)\$(Configuration)\temp\bearssl.obj">
      <Filter>Object Libraries</Filter>
    </Object>
    <Object Include="$(ProjectDir)$(LibrariesArchitecture)\$(Configuration)\temp\bufq.obj">
      <Filter>Object Libraries</Filter>
    </Object>
    <Object Include="$(ProjectDir)$(LibrariesArchitecture)\$(Configuration)\temp\bufref.obj">
      <Filter>Object Libraries</Filter>
    </Object>
    <Object Include="$(ProjectDir)$(LibrariesArchitecture)\$(Configuration)\temp\cf-h1-proxy.obj">
      <Filter>Object Libraries</Filter>
    </Object>
    <Object Include="$(ProjectDir)$(LibrariesArchitecture)\$(Configuration)\temp\cf-h2-proxy.obj">
      <Filter>Object Libraries</Filter>
    </Object>
    <Object Include="$(ProjectDir)$(LibrariesArchitecture)\$(Configuration)\temp\cf-haproxy.obj">
      <Filter>Object Libraries</Filter>
    </Object>
    <Object Include="$(ProjectDir)$(LibrariesArchitecture)\$(Configuration)\temp\cf-https-connect.obj">
      <Filter>Object Libraries</Filter>
    </Object>
    <Object Include="$(ProjectDir)$(LibrariesArchitecture)\$(Configuration)\temp\cfilters.obj">
      <Filter>Object Libraries</Filter>
    </Object>
    <Object Include="$(ProjectDir)$(LibrariesArchitecture)\$(Configuration)\temp\cf-socket.obj">
      <Filter>Object Libraries</Filter>
    </Object>
    <Object Include="$(ProjectDir)$(LibrariesArchitecture)\$(Configuration)\temp\c-hyper.obj">
      <Filter>Object Libraries</Filter>
    </Object>
    <Object Include="$(ProjectDir)$(LibrariesArchitecture)\$(Configuration)\temp\cleartext.obj">
      <Filter>Object Libraries</Filter>
    </Object>
    <Object Include="$(ProjectDir)$(LibrariesArchitecture)\$(Configuration)\temp\conncache.obj">
      <Filter>Object Libraries</Filter>
    </Object>
    <Object Include="$(ProjectDir)$(LibrariesArchitecture)\$(Configuration)\temp\connect.obj">
      <Filter>Object Libraries</Filter>
    </Object>
    <Object Include="$(ProjectDir)$(LibrariesArchitecture)\$(Configuration)\temp\content_encoding.obj">
      <Filter>Object Libraries</Filter>
    </Object>
    <Object Include="$(ProjectDir)$(LibrariesArchitecture)\$(Configuration)\temp\cookie.obj">
      <Filter>Object Libraries</Filter>
    </Object>
    <Object Include="$(ProjectDir)$(LibrariesArchitecture)\$(Configuration)\temp\cram.obj">
      <Filter>Object Libraries</Filter>
    </Object>
    <Object Include="$(ProjectDir)$(LibrariesArchitecture)\$(Configuration)\temp\curl_addrinfo.obj">
      <Filter>Object Libraries</Filter>
    </Object>
    <Object Include="$(ProjectDir)$(LibrariesArchitecture)\$(Configuration)\temp\curl_des.obj">
      <Filter>Object Libraries</Filter>
    </Object>
    <Object Include="$(ProjectDir)$(LibrariesArchitecture)\$(Configuration)\temp\curl_endian.obj">
      <Filter>Object Libraries</Filter>
    </Object>
    <Object Include="$(ProjectDir)$(LibrariesArchitecture)\$(Configuration)\temp\curl_fnmatch.obj">
      <Filter>Object Libraries</Filter>
    </Object>
    <Object Include="$(ProjectDir)$(LibrariesArchitecture)\$(Configuration)\temp\curl_get_line.obj">
      <Filter>Object Libraries</Filter>
    </Object>
    <Object Include="$(ProjectDir)$(LibrariesArchitecture)\$(Configuration)\temp\curl_gethostname.obj">
      <Filter>Object Libraries</Filter>
    </Object>
    <Object Include="$(ProjectDir)$(LibrariesArchitecture)\$(Configuration)\temp\curl_gssapi.obj">
      <Filter>Object Libraries</Filter>
    </Object>
    <Object Include="$(ProjectDir)$(LibrariesArchitecture)\$(Configuration)\temp\curl_memrchr.obj">
      <Filter>Object Libraries</Filter>
    </Object>
    <Object Include="$(ProjectDir)$(LibrariesArchitecture)\$(Configuration)\temp\curl_msh3.obj">
      <Filter>Object Libraries</Filter>
    </Object>
    <Object Include="$(ProjectDir)$(LibrariesArchitecture)\$(Configuration)\temp\curl_multibyte.obj">
      <Filter>Object Libraries</Filter>
    </Object>
    <Object Include="$(ProjectDir)$(LibrariesArchitecture)\$(Configuration)\temp\curl_ngtcp2.obj">
      <Filter>Object Libraries</Filter>
    </Object>
    <Object Include="$(ProjectDir)$(LibrariesArchitecture)\$(Configuration)\temp\curl_ntlm_core.obj">
      <Filter>Object Libraries</Filter>
    </Object>
    <Object Include="$(ProjectDir)$(LibrariesArchitecture)\$(Configuration)\temp\curl_ntlm_wb.obj">
      <Filter>Object Libraries</Filter>
    </Object>
    <Object Include="$(ProjectDir)$(LibrariesArchitecture)\$(Configuration)\temp\curl_path.obj">
      <Filter>Object Libraries</Filter>
    </Object>
    <Object Include="$(ProjectDir)$(LibrariesArchitecture)\$(Configuration)\temp\curl_quiche.obj">
      <Filter>Object Libraries</Filter>
    </Object>
    <Object Include="$(ProjectDir)$(LibrariesArchitecture)\$(Configuration)\temp\curl_range.obj">
      <Filter>Object Libraries</Filter>
    </Object>
    <Object Include="$(ProjectDir)$(LibrariesArchitecture)\$(Configuration)\temp\curl_rtmp.obj">
      <Filter>Object Libraries</Filter>
    </Object>
    <Object Include="$(ProjectDir)$(LibrariesArchitecture)\$(Configuration)\temp\curl_sasl.obj">
      <Filter>Object Libraries</Filter>
    </Object>
    <Object Include="$(ProjectDir)$(LibrariesArchitecture)\$(Configuration)\temp\curl_sspi.obj">
      <Filter>Object Libraries</Filter>
    </Object>
    <Object Include="$(ProjectDir)$(LibrariesArchitecture)\$(Configuration)\temp\curl_threads.obj">
      <Filter>Object Libraries</Filter>
    </Object>
    <Object Include="$(ProjectDir)$(LibrariesArchitecture)\$(Configuration)\temp\curl_trc.obj">
      <Filter>Object Libraries</Filter>
    </Object>
    <Object Include="$(ProjectDir)$(LibrariesArchitecture)\$(Configuration)\temp\dict.obj">
      <Filter>Object Libraries</Filter>
    </Object>
    <Object Include="$(ProjectDir)$(LibrariesArchitecture)\$(Configuration)\temp\digest.obj">
      <Filter>Object Libraries</Filter>
    </Object>
    <Object Include="$(ProjectDir)$(LibrariesArchitecture)\$(Configuration)\temp\digest_sspi.obj">
      <Filter>Object Libraries</Filter>
    </Object>
    <Object Include="$(ProjectDir)$(LibrariesArchitecture)\$(Configuration)\temp\doh.obj">
      <Filter>Object Libraries</Filter>
    </Object>
    <Object Include="$(ProjectDir)$(LibrariesArchitecture)\$(Configuration)\temp\dynbuf.obj">
      <Filter>Object Libraries</Filter>
    </Object>
    <Object Include="$(ProjectDir)$(LibrariesArchitecture)\$(Configuration)\temp\dynhds.obj">
      <Filter>Object Libraries</Filter>
    </Object>
    <Object Include="$(ProjectDir)$(LibrariesArchitecture)\$(Configuration)\temp\easy.obj">
      <Filter>Object Libraries</Filter>
    </Object>
    <Object Include="$(ProjectDir)$(LibrariesArchitecture)\$(Configuration)\temp\easygetopt.obj">
      <Filter>Object Libraries</Filter>
    </Object>
    <Object Include="$(ProjectDir)$(LibrariesArchitecture)\$(Configuration)\temp\easyoptions.obj">
      <Filter>Object Libraries</Filter>
    </Object>
    <Object Include="$(ProjectDir)$(LibrariesArchitecture)\$(Configuration)\temp\escape.obj">
      <Filter>Object Libraries</Filter>
    </Object>
    <Object Include="$(ProjectDir)$(LibrariesArchitecture)\$(Configuration)\temp\file.obj">
      <Filter>Object Libraries</Filter>
    </Object>
    <Object Include="$(ProjectDir)$(LibrariesArchitecture)\$(Configuration)\temp\fileinfo.obj">
      <Filter>Object Libraries</Filter>
    </Object>
    <Object Include="$(ProjectDir)$(LibrariesArchitecture)\$(Configuration)\temp\fopen.obj">
      <Filter>Object Libraries</Filter>
    </Object>
    <Object Include="$(ProjectDir)$(LibrariesArchitecture)\$(Configuration)\temp\formdata.obj">
      <Filter>Object Libraries</Filter>
    </Object>
    <Object Include="$(ProjectDir)$(LibrariesArchitecture)\$(Configuration)\temp\ftp.obj">
      <Filter>Object Libraries</Filter>
    </Object>
    <Object Include="$(ProjectDir)$(LibrariesArchitecture)\$(Configuration)\temp\ftplistparser.obj">
      <Filter>Object Libraries</Filter>
    </Object>
    <Object Include="$(ProjectDir)$(LibrariesArchitecture)\$(Configuration)\temp\getenv.obj">
      <Filter>Object Libraries</Filter>
    </Object>
    <Object Include="$(ProjectDir)$(LibrariesArchitecture)\$(Configuration)\temp\getinfo.obj">
      <Filter>Object Libraries</Filter>
    </Object>
    <Object Include="$(ProjectDir)$(LibrariesArchitecture)\$(Configuration)\temp\gopher.obj">
      <Filter>Object Libraries</Filter>
    </Object>
    <Object Include="$(ProjectDir)$(LibrariesArchitecture)\$(Configuration)\temp\gsasl.obj">
      <Filter>Object Libraries</Filter>
    </Object>
    <Object Include="$(ProjectDir)$(LibrariesArchitecture)\$(Configuration)\temp\gtls.obj">
      <Filter>Object Libraries</Filter>
    </Object>
    <Object Include="$(ProjectDir)$(LibrariesArchitecture)\$(Configuration)\temp\hash.obj">
      <Filter>Object Libraries</Filter>
    </Object>
    <Object Include="$(ProjectDir)$(LibrariesArchitecture)\$(Configuration)\temp\headers.obj">
      <Filter>Object Libraries</Filter>
    </Object>
    <Object Include="$(ProjectDir)$(LibrariesArchitecture)\$(Configuration)\temp\hmac.obj">
      <Filter>Object Libraries</Filter>
    </Object>
    <Object Include="$(ProjectDir)$(LibrariesArchitecture)\$(Configuration)\temp\hostasyn.obj">
      <Filter>Object Libraries</Filter>
    </Object>
    <Object Include="$(ProjectDir)$(LibrariesArchitecture)\$(Configuration)\temp\hostcheck.obj">
      <Filter>Object Libraries</Filter>
    </Object>
    <Object Include="$(ProjectDir)$(LibrariesArchitecture)\$(Configuration)\temp\hostip.obj">
      <Filter>Object Libraries</Filter>
    </Object>
    <Object Include="$(ProjectDir)$(LibrariesArchitecture)\$(Configuration)\temp\hostip4.obj">
      <Filter>Object Libraries</Filter>
    </Object>
    <Object Include="$(ProjectDir)$(LibrariesArchitecture)\$(Configuration)\temp\hostip6.obj">
      <Filter>Object Libraries</Filter>
    </Object>
    <Object Include="$(ProjectDir)$(LibrariesArchitecture)\$(Configuration)\temp\hostsyn.obj">
      <Filter>Object Libraries</Filter>
    </Object>
    <Object Include="$(ProjectDir)$(LibrariesArchitecture)\$(Configuration)\temp\hsts.obj">
      <Filter>Object Libraries</Filter>
    </Object>
    <Object Include="$(ProjectDir)$(LibrariesArchitecture)\$(Configuration)\temp\http.obj">
      <Filter>Object Libraries</Filter>
    </Object>
    <Object Include="$(ProjectDir)$(LibrariesArchitecture)\$(Configuration)\temp\http_aws_sigv4.obj">
      <Filter>Object Libraries</Filter>
    </Object>
    <Object Include="$(ProjectDir)$(LibrariesArchitecture)\$(Configuration)\temp\http_chunks.obj">
      <Filter>Object Libraries</Filter>
    </Object>
    <Object Include="$(ProjectDir)$(LibrariesArchitecture)\$(Configuration)\temp\http_digest.obj">
      <Filter>Object Libraries</Filter>
    </Object>
    <Object Include="$(ProjectDir)$(LibrariesArchitecture)\$(Configuration)\temp\http_negotiate.obj">
      <Filter>Object Libraries</Filter>
    </Object>
    <Object Include="$(ProjectDir)$(LibrariesArchitecture)\$(Configuration)\temp\http_ntlm.obj">
      <Filter>Object Libraries</Filter>
    </Object>
    <Object Include="$(ProjectDir)$(LibrariesArchitecture)\$(Configuration)\temp\http_proxy.obj">
      <Filter>Object Libraries</Filter>
    </Object>
    <Object Include="$(ProjectDir)$(LibrariesArchitecture)\$(Configuration)\temp\http1.obj">
      <Filter>Object Libraries</Filter>
    </Object>
    <Object Include="$(ProjectDir)$(LibrariesArchitecture)\$(Configuration)\temp\http2.obj">
      <Filter>Object Libraries</Filter>
    </Object>
    <Object Include="$(ProjectDir)$(LibrariesArchitecture)\$(Configuration)\temp\idn.obj">
      <Filter>Object Libraries</Filter>
    </Object>
    <Object Include="$(ProjectDir)$(LibrariesArchitecture)\$(Configuration)\temp\if2ip.obj">
      <Filter>Object Libraries</Filter>
    </Object>
    <Object Include="$(ProjectDir)$(LibrariesArchitecture)\$(Configuration)\temp\imap.obj">
      <Filter>Object Libraries</Filter>
    </Object>
    <Object Include="$(ProjectDir)$(LibrariesArchitecture)\$(Configuration)\temp\inet_ntop.obj">
      <Filter>Object Libraries</Filter>
    </Object>
    <Object Include="$(ProjectDir)$(LibrariesArchitecture)\$(Configuration)\temp\inet_pton.obj">
      <Filter>Object Libraries</Filter>
    </Object>
    <Object Include="$(ProjectDir)$(LibrariesArchitecture)\$(Configuration)\temp\keylog.obj">
      <Filter>Object Libraries</Filter>
    </Object>
    <Object Include="$(ProjectDir)$(LibrariesArchitecture)\$(Configuration)\temp\krb5.obj">
      <Filter>Object Libraries</Filter>
    </Object>
    <Object Include="$(ProjectDir)$(LibrariesArchitecture)\$(Configuration)\temp\krb5_gssapi.obj">
      <Filter>Object Libraries</Filter>
    </Object>
    <Object Include="$(ProjectDir)$(LibrariesArchitecture)\$(Configuration)\temp\krb5_sspi.obj">
      <Filter>Object Libraries</Filter>
    </Object>
    <Object Include="$(ProjectDir)$(LibrariesArchitecture)\$(Configuration)\temp\ldap.obj">
      <Filter>Object Libraries</Filter>
    </Object>
    <Object Include="$(ProjectDir)$(LibrariesArchitecture)\$(Configuration)\temp\libssh.obj">
      <Filter>Object Libraries</Filter>
    </Object>
    <Object Include="$(ProjectDir)$(LibrariesArchitecture)\$(Configuration)\temp\libssh2.obj">
      <Filter>Object Libraries</Filter>
    </Object>
    <Object Include="$(ProjectDir)$(LibrariesArchitecture)\$(Configuration)\temp\llist.obj">
      <Filter>Object Libraries</Filter>
    </Object>
    <Object Include="$(ProjectDir)$(LibrariesArchitecture)\$(Configuration)\temp\macos.obj">
      <Filter>Object Libraries</Filter>
    </Object>
    <Object Include="$(ProjectDir)$(LibrariesArchitecture)\$(Configuration)\temp\mbedtls.obj">
      <Filter>Object Libraries</Filter>
    </Object>
    <Object Include="$(ProjectDir)$(LibrariesArchitecture)\$(Configuration)\temp\mbedtls_threadlock.obj">
      <Filter>Object Libraries</Filter>
    </Object>
    <Object Include="$(ProjectDir)$(LibrariesArchitecture)\$(Configuration)\temp\md4.obj">
      <Filter>Object Libraries</Filter>
    </Object>
    <Object Include="$(ProjectDir)$(LibrariesArchitecture)\$(Configuration)\temp\md5.obj">
      <Filter>Object Libraries</Filter>
    </Object>
    <Object Include="$(ProjectDir)$(LibrariesArchitecture)\$(Configuration)\temp\memdebug.obj">
      <Filter>Object Libraries</Filter>
    </Object>
    <Object Include="$(ProjectDir)$(LibrariesArchitecture)\$(Configuration)\temp\mime.obj">
      <Filter>Object Libraries</Filter>
    </Object>
    <Object Include="$(ProjectDir)$(LibrariesArchitecture)\$(Configuration)\temp\mprintf.obj">
      <Filter>Object Libraries</Filter>
    </Object>
    <Object Include="$(ProjectDir)$(LibrariesArchitecture)\$(Configuration)\temp\mqtt.obj">
      <Filter>Object Libraries</Filter>
    </Object>
    <Object Include="$(ProjectDir)$(LibrariesArchitecture)\$(Configuration)\temp\multi.obj">
      <Filter>Object Libraries</Filter>
    </Object>
    <Object Include="$(ProjectDir)$(LibrariesArchitecture)\$(Configuration)\temp\netrc.obj">
      <Filter>Object Libraries</Filter>
    </Object>
    <Object Include="$(ProjectDir)$(LibrariesArchitecture)\$(Configuration)\temp\nonblock.obj">
      <Filter>Object Libraries</Filter>
    </Object>
    <Object Include="$(ProjectDir)$(LibrariesArchitecture)\$(Configuration)\temp\noproxy.obj">
      <Filter>Object Libraries</Filter>
    </Object>
    <Object Include="$(ProjectDir)$(LibrariesArchitecture)\$(Configuration)\temp\ntlm.obj">
      <Filter>Object Libraries</Filter>
    </Object>
    <Object Include="$(ProjectDir)$(LibrariesArchitecture)\$(Configuration)\temp\ntlm_sspi.obj">
      <Filter>Object Libraries</Filter>
    </Object>
    <Object Include="$(ProjectDir)$(LibrariesArchitecture)\$(Configuration)\temp\oauth2.obj">
      <Filter>Object Libraries</Filter>
    </Object>
    <Object Include="$(ProjectDir)$(LibrariesArchitecture)\$(Configuration)\temp\openldap.obj">
      <Filter>Object Libraries</Filter>
    </Object>
    <Object Include="$(ProjectDir)$(LibrariesArchitecture)\$(Configuration)\temp\openssl.obj">
      <Filter>Object Libraries</Filter>
    </Object>
    <Object Include="$(ProjectDir)$(LibrariesArchitecture)\$(Configuration)\temp\parsedate.obj">
      <Filter>Object Libraries</Filter>
    </Object>
    <Object Include="$(ProjectDir)$(LibrariesArchitecture)\$(Configuration)\temp\pingpong.obj">
      <Filter>Object Libraries</Filter>
    </Object>
    <Object Include="$(ProjectDir)$(LibrariesArchitecture)\$(Configuration)\temp\pop3.obj">
      <Filter>Object Libraries</Filter>
    </Object>
    <Object Include="$(ProjectDir)$(LibrariesArchitecture)\$(Configuration)\temp\progress.obj">
      <Filter>Object Libraries</Filter>
    </Object>
    <Object Include="$(ProjectDir)$(LibrariesArchitecture)\$(Configuration)\temp\psl.obj">
      <Filter>Object Libraries</Filter>
    </Object>
    <Object Include="$(ProjectDir)$(LibrariesArchitecture)\$(Configuration)\temp\rand.obj">
      <Filter>Object Libraries</Filter>
    </Object>
    <Object Include="$(ProjectDir)$(LibrariesArchitecture)\$(Configuration)\temp\rename.obj">
      <Filter>Object Libraries</Filter>
    </Object>
    <Object Include="$(ProjectDir)$(LibrariesArchitecture)\$(Configuration)\temp\rtsp.obj">
      <Filter>Object Libraries</Filter>
    </Object>
    <Object Include="$(ProjectDir)$(LibrariesArchitecture)\$(Configuration)\temp\rustls.obj">
      <Filter>Object Libraries</Filter>
    </Object>
    <Object Include="$(ProjectDir)$(LibrariesArchitecture)\$(Configuration)\temp\schannel.obj">
      <Filter>Object Libraries</Filter>
    </Object>
    <Object Include="$(ProjectDir)$(LibrariesArchitecture)\$(Configuration)\temp\schannel_verify.obj">
      <Filter>Object Libraries</Filter>
    </Object>
    <Object Include="$(ProjectDir)$(LibrariesArchitecture)\$(Configuration)\temp\sectransp.obj">
      <Filter>Object Libraries</Filter>
    </Object>
    <Object Include="$(ProjectDir)$(LibrariesArchitecture)\$(Configuration)\temp\select.obj">
      <Filter>Object Libraries</Filter>
    </Object>
    <Object Include="$(ProjectDir)$(LibrariesArchitecture)\$(Configuration)\temp\sendf.obj">
      <Filter>Object Libraries</Filter>
    </Object>
    <Object Include="$(ProjectDir)$(LibrariesArchitecture)\$(Configuration)\temp\setopt.obj">
      <Filter>Object Libraries</Filter>
    </Object>
    <Object Include="$(ProjectDir)$(LibrariesArchitecture)\$(Configuration)\temp\sha256.obj">
      <Filter>Object Libraries</Filter>
    </Object>
    <Object Include="$(ProjectDir)$(LibrariesArchitecture)\$(Configuration)\temp\share.obj">
      <Filter>Object Libraries</Filter>
    </Object>
    <Object Include="$(ProjectDir)$(LibrariesArchitecture)\$(Configuration)\temp\slist.obj">
      <Filter>Object Libraries</Filter>
    </Object>
    <Object Include="$(ProjectDir)$(LibrariesArchitecture)\$(Configuration)\temp\smb.obj">
      <Filter>Object Libraries</Filter>
    </Object>
    <Object Include="$(ProjectDir)$(LibrariesArchitecture)\$(Configuration)\temp\smtp.obj">
      <Filter>Object Libraries</Filter>
    </Object>
    <Object Include="$(ProjectDir)$(LibrariesArchitecture)\$(Configuration)\temp\socketpair.obj">
      <Filter>Object Libraries</Filter>
    </Object>
    <Object Include="$(ProjectDir)$(LibrariesArchitecture)\$(Configuration)\temp\socks.obj">
      <Filter>Object Libraries</Filter>
    </Object>
    <Object Include="$(ProjectDir)$(LibrariesArchitecture)\$(Configuration)\temp\socks_gssapi.obj">
      <Filter>Object Libraries</Filter>
    </Object>
    <Object Include="$(ProjectDir)$(LibrariesArchitecture)\$(Configuration)\temp\socks_sspi.obj">
      <Filter>Object Libraries</Filter>
    </Object>
    <Object Include="$(ProjectDir)$(LibrariesArchitecture)\$(Configuration)\temp\speedcheck.obj">
      <Filter>Object Libraries</Filter>
    </Object>
    <Object Include="$(ProjectDir)$(LibrariesArchitecture)\$(Configuration)\temp\splay.obj">
      <Filter>Object Libraries</Filter>
    </Object>
    <Object Include="$(ProjectDir)$(LibrariesArchitecture)\$(Configuration)\temp\spnego_gssapi.obj">
      <Filter>Object Libraries</Filter>
    </Object>
    <Object Include="$(ProjectDir)$(LibrariesArchitecture)\$(Configuration)\temp\spnego_sspi.obj">
      <Filter>Object Libraries</Filter>
    </Object>
    <Object Include="$(ProjectDir)$(LibrariesArchitecture)\$(Configuration)\temp\strcase.obj">
      <Filter>Object Libraries</Filter>
    </Object>
    <Object Include="$(ProjectDir)$(LibrariesArchitecture)\$(Configuration)\temp\strdup.obj">
      <Filter>Object Libraries</Filter>
    </Object>
    <Object Include="$(ProjectDir)$(LibrariesArchitecture)\$(Configuration)\temp\strerror.obj">
      <Filter>Object Libraries</Filter>
    </Object>
    <Object Include="$(ProjectDir)$(LibrariesArchitecture)\$(Configuration)\temp\strtok.obj">
      <Filter>Object Libraries</Filter>
    </Object>
    <Object Include="$(ProjectDir)$(LibrariesArchitecture)\$(Configuration)\temp\strtoofft.obj">
      <Filter>Object Libraries</Filter>
    </Object>
    <Object Include="$(ProjectDir)$(LibrariesArchitecture)\$(Configuration)\temp\system_win32.obj">
      <Filter>Object Libraries</Filter>
    </Object>
    <Object Include="$(ProjectDir)$(LibrariesArchitecture)\$(Configuration)\temp\telnet.obj">
      <Filter>Object Libraries</Filter>
    </Object>
    <Object Include="$(ProjectDir)$(LibrariesArchitecture)\$(Configuration)\temp\tftp.obj">
      <Filter>Object Libraries</Filter>
    </Object>
    <Object Include="$(ProjectDir)$(LibrariesArchitecture)\$(Configuration)\temp\timediff.obj">
      <Filter>Object Libraries</Filter>
    </Object>
    <Object Include="$(ProjectDir)$(LibrariesArchitecture)\$(Configuration)\temp\timeval.obj">
      <Filter>Object Libraries</Filter>
    </Object>
    <Object Include="$(ProjectDir)$(LibrariesArchitecture)\$(Configuration)\temp\transfer.obj">
      <Filter>Object Libraries</Filter>
    </Object>
    <Object Include="$(ProjectDir)$(LibrariesArchitecture)\$(Configuration)\temp\url.obj">
      <Filter>Object Libraries</Filter>
    </Object>
    <Object Include="$(ProjectDir)$(LibrariesArchitecture)\$(Configuration)\temp\urlapi.obj">
      <Filter>Object Libraries</Filter>
    </Object>
    <Object Include="$(ProjectDir)$(LibrariesArchitecture)\$(Configuration)\temp\vauth.obj">
      <Filter>Object Libraries</Filter>
    </Object>
    <Object Include="$(ProjectDir)$(LibrariesArchitecture)\$(Configuration)\temp\version.obj">
      <Filter>Object Libraries</Filter>
    </Object>
    <Object Include="$(ProjectDir)$(LibrariesArchitecture)\$(Configuration)\temp\version_win32.obj">
      <Filter>Object Libraries</Filter>
    </Object>
    <Object Include="$(ProjectDir)$(LibrariesArchitecture)\$(Configuration)\temp\vquic.obj">
      <Filter>Object Libraries</Filter>
    </Object>
    <Object Include="$(ProjectDir)$(LibrariesArchitecture)\$(Configuration)\temp\vtls.obj">
      <Filter>Object Libraries</Filter>
    </Object>
    <Object Include="$(ProjectDir)$(LibrariesArchitecture)\$(Configuration)\temp\warnless.obj">
      <Filter>Object Libraries</Filter>
    </Object>
    <Object Include="$(ProjectDir)$(LibrariesArchitecture)\$(Configuration)\temp\wolfssh.obj">
      <Filter>Object Libraries</Filter>
    </Object>
    <Object Include="$(ProjectDir)$(LibrariesArchitecture)\$(Configuration)\temp\wolfssl.obj">
      <Filter>Object Libraries</Filter>
    </Object>
    <Object Include="$(ProjectDir)$(LibrariesArchitecture)\$(Configuration)\temp\ws.obj">
      <Filter>Object Libraries</Filter>
    </Object>
    <Object Include="$(ProjectDir)$(LibrariesArchitecture)\$(Configuration)\temp\x509asn1.obj">
      <Filter>Object Libraries</Filter>
    </Object>
  </ItemGroup>
  <ItemGroup>
    <Filter Include="Object Libraries">
      <UniqueIdentifier>{1B834DCA-36BB-3B87-AC68-756959418C49}</UniqueIdentifier>
    </Filter>
    <Filter Include="Source Files">
      <UniqueIdentifier>{7E4C59B8-404F-350A-907B-A65016721B88}</UniqueIdentifier>
    </Filter>
  </ItemGroup>
  <ItemGroup>
    <ResourceCompile Include="$(ProjectDir)libcurl.rc">
      <Filter>Source Files</Filter>
    </ResourceCompile>
  </ItemGroup>
  <ItemGroup>
    <None Include="$(ProjectDir)\libcurl.def">
      <Filter>Source Files</Filter>
    </None>
  </ItemGroup>
</Project>