<?xml version="1.0" encoding="utf-8"?>
<Project ToolsVersion="4.0" xmlns="http://schemas.microsoft.com/developer/msbuild/2003">
  <ItemGroup>
    <ClInclude Include="$(MSBuildThisFileDirectory)common.h" />
    <ClInclude Include="$(MSBuildThisFileDirectory)all\application.h">
      <Filter>all</Filter>
    </ClInclude>
    <ClInclude Include="$(MSBuildThisFileDirectory)all\error.h">
      <Filter>all</Filter>
    </ClInclude>
    <ClInclude Include="$(MSBuildThisFileDirectory)all\logger.h">
      <Filter>all</Filter>
    </ClInclude>
    <ClInclude Include="$(MSBuildThisFileDirectory)all\module.h">
      <Filter>all</Filter>
    </ClInclude>
    <ClInclude Include="$(MSBuildThisFileDirectory)all\utility\etc_utility.h">
      <Filter>all\utility</Filter>
    </ClInclude>
    <ClInclude Include="$(MSBuildThisFileDirectory)all\utility\job_utility.h">
      <Filter>all\utility</Filter>
    </ClInclude>
    <ClInclude Include="$(MSBuildThisFileDirectory)all\utility\string_utility.h">
      <Filter>all\utility</Filter>
    </ClInclude>
    <ClInclude Include="$(MSBuildThisFileDirectory)all\thread\serialized_job_queue.h">
      <Filter>all\thread</Filter>
    </ClInclude>
    <ClInclude Include="$(MSBuildThisFileDirectory)all\thread\thread_pool.h">
      <Filter>all\thread</Filter>
    </ClInclude>
    <ClInclude Include="$(MSBuildThisFileDirectory)module\module_static_impl.h">
      <Filter>module</Filter>
    </ClInclude>
    <ClInclude Include="$(MSBuildThisFileDirectory)all\math\math_common.h">
      <Filter>all\math</Filter>
    </ClInclude>
    <ClInclude Include="$(MSBuildThisFileDirectory)all\math\vector.h">
      <Filter>all\math</Filter>
    </ClInclude>
    <ClInclude Include="$(MSBuildThisFileDirectory)all\allocator\stl_allocator.h">
      <Filter>all\allocator</Filter>
    </ClInclude>
    <ClInclude Include="$(MSBuildThisFileDirectory)all\allocator\memory_pool.h">
      <Filter>all\allocator</Filter>
    </ClInclude>
  </ItemGroup>
  <ItemGroup>
    <Filter Include="all">
      <UniqueIdentifier>{0a150944-2c89-4fd9-862e-aeeac468bf5b}</UniqueIdentifier>
    </Filter>
    <Filter Include="module">
      <UniqueIdentifier>{874471b0-77a4-4e16-82b3-4bf3c756bf44}</UniqueIdentifier>
    </Filter>
    <Filter Include="all\utility">
      <UniqueIdentifier>{14c62d70-49a9-4890-ab76-630c26f023b4}</UniqueIdentifier>
    </Filter>
    <Filter Include="all\thread">
      <UniqueIdentifier>{616dfb88-6aa7-4e72-845d-fb31e496b762}</UniqueIdentifier>
    </Filter>
    <Filter Include="all\math">
      <UniqueIdentifier>{c3b3b01b-28b7-4c64-8587-c55081abc466}</UniqueIdentifier>
    </Filter>
    <Filter Include="all\allocator">
      <UniqueIdentifier>{fa2befc9-d906-4afe-911f-ef5c4037bc8e}</UniqueIdentifier>
    </Filter>
  </ItemGroup>
</Project>